
Microsoft Visual Studio Solution File, Format Version 12.00
# Visual Studio 2015
Project("{FAE04EC0-301F-11D3-BF4B-00C04F79EFBC}") = "chess2.0.CSharp", "chess2.0.CSharp.csproj", "{7041A702-8B87-4C7B-74BF-6E22DD22A759}"
EndProject
Global
	GlobalSection(SolutionConfigurationPlatforms) = preSolution
		Debug|Any CPU = Debug|Any CPU
		Release|Any CPU = Release|Any CPU
	EndGlobalSection
	GlobalSection(ProjectConfigurationPlatforms) = postSolution
		{7041A702-8B87-4C7B-74BF-6E22DD22A759}.Debug|Any CPU.ActiveCfg = Debug|Any CPU
		{7041A702-8B87-4C7B-74BF-6E22DD22A759}.Debug|Any CPU.Build.0 = Debug|Any CPU
		{7041A702-8B87-4C7B-74BF-6E22DD22A759}.Release|Any CPU.ActiveCfg = Release|Any CPU
		{7041A702-8B87-4C7B-74BF-6E22DD22A759}.Release|Any CPU.Build.0 = Release|Any CPU
	EndGlobalSection
	GlobalSection(SolutionProperties) = preSolution
		HideSolutionNode = FALSE
	EndGlobalSection
EndGlobal
